
Microsoft Visual Studio Solution File, Format Version 12.00
# Visual Studio Version 16
VisualStudioVersion = 16.0.29123.89
MinimumVisualStudioVersion = 10.0.40219.1
Project("{2150E333-8FDC-42A3-9474-1A3956D46DE8}") = "Data Access Layer", "Data Access Layer", "{F8AD1892-BB84-4A0A-B740-872F5A6625AD}"
EndProject
Project("{2150E333-8FDC-42A3-9474-1A3956D46DE8}") = "Domain layer", "Domain layer", "{76C11A5A-7BEA-4860-8F94-80620D6CB047}"
EndProject
Project("{2150E333-8FDC-42A3-9474-1A3956D46DE8}") = "Desktop", "Desktop", "{BD124832-5797-439D-ACE8-20CC7472F9F4}"
EndProject
Project("{9A19103F-16F7-4668-BE54-9A1E7A4F7556}") = "FMS.Domain", "FMS.Domain\FMS.Domain.csproj", "{0EDFCB28-5752-457C-8E02-AE8C0DB09DF0}"
EndProject
Project("{9A19103F-16F7-4668-BE54-9A1E7A4F7556}") = "FMS.DAL.EFCore", "FMS.DAL.EFCore\FMS.DAL.EFCore.csproj", "{72776730-29E6-4CA4-BA7D-11AF5DD91323}"
EndProject
Project("{2150E333-8FDC-42A3-9474-1A3956D46DE8}") = "Presentation Layer", "Presentation Layer", "{0CF2BCD1-13FD-4030-A64B-AA5E3A9171AE}"
EndProject
Project("{9A19103F-16F7-4668-BE54-9A1E7A4F7556}") = "FMS.WPF.ViewModel", "FMS.WPF.ViewModel\FMS.WPF.ViewModel.csproj", "{02D5252B-45A4-401E-83D7-B4A1DDF9B6EE}"
EndProject
Project("{9A19103F-16F7-4668-BE54-9A1E7A4F7556}") = "FMS.WPF.UI", "FMS.WPF.UI\FMS.WPF.UI.csproj", "{5BA37326-ECA9-4FD4-BA1C-ECB767D4C3D8}"
EndProject
Project("{9A19103F-16F7-4668-BE54-9A1E7A4F7556}") = "FMS.DAL.Interface", "FMS.DAL.Interface\FMS.DAL.Interface.csproj", "{617FBE6B-E0D4-4F47-9C09-4F3FEA276623}"
EndProject
Project("{2150E333-8FDC-42A3-9474-1A3956D46DE8}") = "Application Layer", "Application Layer", "{425186C2-1285-4A8C-9CC8-326A87FB896B}"
EndProject
Project("{9A19103F-16F7-4668-BE54-9A1E7A4F7556}") = "FMS.WPF.Application.Interface", "FMS.WPF.Application.Interface\FMS.WPF.Application.Interface.csproj", "{C0B80D6F-289F-465B-97CD-13A468898F6F}"
EndProject
Project("{9A19103F-16F7-4668-BE54-9A1E7A4F7556}") = "FMS.WPF.Application", "FMS.WPF.Application\FMS.WPF.Application.csproj", "{572C7922-D62E-4E7C-8D1C-F76DD7F6938F}"
EndProject
Project("{9A19103F-16F7-4668-BE54-9A1E7A4F7556}") = "FMS.WPF.App", "FMS.WPF.App\FMS.WPF.App.csproj", "{DE7DCDA1-0BFF-4FE0-BA31-546662EAC7BD}"
EndProject
Global
	GlobalSection(SolutionConfigurationPlatforms) = preSolution
		Debug|Any CPU = Debug|Any CPU
		Release|Any CPU = Release|Any CPU
	EndGlobalSection
	GlobalSection(ProjectConfigurationPlatforms) = postSolution
		{0EDFCB28-5752-457C-8E02-AE8C0DB09DF0}.Debug|Any CPU.ActiveCfg = Debug|Any CPU
		{0EDFCB28-5752-457C-8E02-AE8C0DB09DF0}.Debug|Any CPU.Build.0 = Debug|Any CPU
		{0EDFCB28-5752-457C-8E02-AE8C0DB09DF0}.Release|Any CPU.ActiveCfg = Release|Any CPU
		{0EDFCB28-5752-457C-8E02-AE8C0DB09DF0}.Release|Any CPU.Build.0 = Release|Any CPU
		{72776730-29E6-4CA4-BA7D-11AF5DD91323}.Debug|Any CPU.ActiveCfg = Debug|Any CPU
		{72776730-29E6-4CA4-BA7D-11AF5DD91323}.Debug|Any CPU.Build.0 = Debug|Any CPU
		{72776730-29E6-4CA4-BA7D-11AF5DD91323}.Release|Any CPU.ActiveCfg = Release|Any CPU
		{72776730-29E6-4CA4-BA7D-11AF5DD91323}.Release|Any CPU.Build.0 = Release|Any CPU
		{02D5252B-45A4-401E-83D7-B4A1DDF9B6EE}.Debug|Any CPU.ActiveCfg = Debug|Any CPU
		{02D5252B-45A4-401E-83D7-B4A1DDF9B6EE}.Debug|Any CPU.Build.0 = Debug|Any CPU
		{02D5252B-45A4-401E-83D7-B4A1DDF9B6EE}.Release|Any CPU.ActiveCfg = Release|Any CPU
		{02D5252B-45A4-401E-83D7-B4A1DDF9B6EE}.Release|Any CPU.Build.0 = Release|Any CPU
		{5BA37326-ECA9-4FD4-BA1C-ECB767D4C3D8}.Debug|Any CPU.ActiveCfg = Debug|Any CPU
		{5BA37326-ECA9-4FD4-BA1C-ECB767D4C3D8}.Debug|Any CPU.Build.0 = Debug|Any CPU
		{5BA37326-ECA9-4FD4-BA1C-ECB767D4C3D8}.Release|Any CPU.ActiveCfg = Release|Any CPU
		{5BA37326-ECA9-4FD4-BA1C-ECB767D4C3D8}.Release|Any CPU.Build.0 = Release|Any CPU
		{617FBE6B-E0D4-4F47-9C09-4F3FEA276623}.Debug|Any CPU.ActiveCfg = Debug|Any CPU
		{617FBE6B-E0D4-4F47-9C09-4F3FEA276623}.Debug|Any CPU.Build.0 = Debug|Any CPU
		{617FBE6B-E0D4-4F47-9C09-4F3FEA276623}.Release|Any CPU.ActiveCfg = Release|Any CPU
		{617FBE6B-E0D4-4F47-9C09-4F3FEA276623}.Release|Any CPU.Build.0 = Release|Any CPU
		{C0B80D6F-289F-465B-97CD-13A468898F6F}.Debug|Any CPU.ActiveCfg = Debug|Any CPU
		{C0B80D6F-289F-465B-97CD-13A468898F6F}.Debug|Any CPU.Build.0 = Debug|Any CPU
		{C0B80D6F-289F-465B-97CD-13A468898F6F}.Release|Any CPU.ActiveCfg = Release|Any CPU
		{C0B80D6F-289F-465B-97CD-13A468898F6F}.Release|Any CPU.Build.0 = Release|Any CPU
		{572C7922-D62E-4E7C-8D1C-F76DD7F6938F}.Debug|Any CPU.ActiveCfg = Debug|Any CPU
		{572C7922-D62E-4E7C-8D1C-F76DD7F6938F}.Debug|Any CPU.Build.0 = Debug|Any CPU
		{572C7922-D62E-4E7C-8D1C-F76DD7F6938F}.Release|Any CPU.ActiveCfg = Release|Any CPU
		{572C7922-D62E-4E7C-8D1C-F76DD7F6938F}.Release|Any CPU.Build.0 = Release|Any CPU
		{DE7DCDA1-0BFF-4FE0-BA31-546662EAC7BD}.Debug|Any CPU.ActiveCfg = Debug|Any CPU
		{DE7DCDA1-0BFF-4FE0-BA31-546662EAC7BD}.Debug|Any CPU.Build.0 = Debug|Any CPU
		{DE7DCDA1-0BFF-4FE0-BA31-546662EAC7BD}.Release|Any CPU.ActiveCfg = Release|Any CPU
		{DE7DCDA1-0BFF-4FE0-BA31-546662EAC7BD}.Release|Any CPU.Build.0 = Release|Any CPU
	EndGlobalSection
	GlobalSection(SolutionProperties) = preSolution
		HideSolutionNode = FALSE
	EndGlobalSection
	GlobalSection(NestedProjects) = preSolution
		{0EDFCB28-5752-457C-8E02-AE8C0DB09DF0} = {76C11A5A-7BEA-4860-8F94-80620D6CB047}
		{72776730-29E6-4CA4-BA7D-11AF5DD91323} = {F8AD1892-BB84-4A0A-B740-872F5A6625AD}
		{0CF2BCD1-13FD-4030-A64B-AA5E3A9171AE} = {BD124832-5797-439D-ACE8-20CC7472F9F4}
		{02D5252B-45A4-401E-83D7-B4A1DDF9B6EE} = {0CF2BCD1-13FD-4030-A64B-AA5E3A9171AE}
		{5BA37326-ECA9-4FD4-BA1C-ECB767D4C3D8} = {0CF2BCD1-13FD-4030-A64B-AA5E3A9171AE}
		{617FBE6B-E0D4-4F47-9C09-4F3FEA276623} = {76C11A5A-7BEA-4860-8F94-80620D6CB047}
		{425186C2-1285-4A8C-9CC8-326A87FB896B} = {BD124832-5797-439D-ACE8-20CC7472F9F4}
		{C0B80D6F-289F-465B-97CD-13A468898F6F} = {425186C2-1285-4A8C-9CC8-326A87FB896B}
		{572C7922-D62E-4E7C-8D1C-F76DD7F6938F} = {425186C2-1285-4A8C-9CC8-326A87FB896B}
		{DE7DCDA1-0BFF-4FE0-BA31-546662EAC7BD} = {0CF2BCD1-13FD-4030-A64B-AA5E3A9171AE}
	EndGlobalSection
	GlobalSection(ExtensibilityGlobals) = postSolution
		SolutionGuid = {0C6D3F6F-2CDB-40D9-BE7A-38FB0225B43A}
	EndGlobalSection
EndGlobal
