
Microsoft Visual Studio Solution File, Format Version 12.00
# Visual Studio 15
VisualStudioVersion = 15.0.28307.421
MinimumVisualStudioVersion = 10.0.40219.1
Project("{2150E333-8FDC-42A3-9474-1A3956D46DE8}") = "Data Access Layer", "Data Access Layer", "{F8AD1892-BB84-4A0A-B740-872F5A6625AD}"
EndProject
Project("{2150E333-8FDC-42A3-9474-1A3956D46DE8}") = "Domain layer", "Domain layer", "{76C11A5A-7BEA-4860-8F94-80620D6CB047}"
EndProject
Project("{2150E333-8FDC-42A3-9474-1A3956D46DE8}") = "Desktop", "Desktop", "{BD124832-5797-439D-ACE8-20CC7472F9F4}"
EndProject
Project("{9A19103F-16F7-4668-BE54-9A1E7A4F7556}") = "FMS.Domain", "FMS.Domain\FMS.Domain.csproj", "{0EDFCB28-5752-457C-8E02-AE8C0DB09DF0}"
EndProject
Project("{9A19103F-16F7-4668-BE54-9A1E7A4F7556}") = "FMS.DAL.EFCore", "FMS.DAL.EFCore\FMS.DAL.EFCore.csproj", "{72776730-29E6-4CA4-BA7D-11AF5DD91323}"
EndProject
Project("{2150E333-8FDC-42A3-9474-1A3956D46DE8}") = "Test", "Test", "{3F7A217C-DAFF-48AF-AA72-45CADDBB5102}"
EndProject
Project("{9A19103F-16F7-4668-BE54-9A1E7A4F7556}") = "TestConsoleApp", "TestConsoleApp\TestConsoleApp.csproj", "{680A4EE4-4E5A-4EF8-B44E-0CA3B5608A3A}"
EndProject
Project("{2150E333-8FDC-42A3-9474-1A3956D46DE8}") = "Presentation Layer", "Presentation Layer", "{0CF2BCD1-13FD-4030-A64B-AA5E3A9171AE}"
EndProject
Project("{2150E333-8FDC-42A3-9474-1A3956D46DE8}") = "Application Layer", "Application Layer", "{4F8938AC-66EF-4C08-BEB8-93C748816990}"
EndProject
Project("{9A19103F-16F7-4668-BE54-9A1E7A4F7556}") = "FMS.WPF.Model", "FMS.WPF.Model\FMS.WPF.Model.csproj", "{2EEB8FC3-E9D2-49E6-A3CA-875F341E0762}"
EndProject
Project("{9A19103F-16F7-4668-BE54-9A1E7A4F7556}") = "FMS.WPF.Application", "FMS.WPF.Application\FMS.WPF.Application.csproj", "{54F8726E-811D-4825-BCDD-B6CF220DC8B6}"
EndProject
Project("{9A19103F-16F7-4668-BE54-9A1E7A4F7556}") = "FMS.WPF.ViewModel", "FMS.WPF.ViewModel\FMS.WPF.ViewModel.csproj", "{02D5252B-45A4-401E-83D7-B4A1DDF9B6EE}"
EndProject
Project("{FAE04EC0-301F-11D3-BF4B-00C04F79EFBC}") = "FMS.WPF.UI", "FMS.WPF.UI\FMS.WPF.UI.csproj", "{5BA37326-ECA9-4FD4-BA1C-ECB767D4C3D8}"
EndProject
Project("{9A19103F-16F7-4668-BE54-9A1E7A4F7556}") = "FMS.ServiceLayer", "FMS.ServiceLayer\FMS.ServiceLayer.csproj", "{A55D06CA-3B8B-4021-9DFB-30EA595BA764}"
EndProject
Project("{9A19103F-16F7-4668-BE54-9A1E7A4F7556}") = "FMS.DAL.Interface", "FMS.DAL.Interface\FMS.DAL.Interface.csproj", "{617FBE6B-E0D4-4F47-9C09-4F3FEA276623}"
EndProject
Project("{9A19103F-16F7-4668-BE54-9A1E7A4F7556}") = "FMS.ServiceLayer.Interface", "FMS.ServiceLayer.Interface\FMS.ServiceLayer.Interface.csproj", "{7AC21ABA-33AE-487C-974B-BB70C115B1DC}"
EndProject
Global
	GlobalSection(SolutionConfigurationPlatforms) = preSolution
		Debug|Any CPU = Debug|Any CPU
		Release|Any CPU = Release|Any CPU
	EndGlobalSection
	GlobalSection(ProjectConfigurationPlatforms) = postSolution
		{0EDFCB28-5752-457C-8E02-AE8C0DB09DF0}.Debug|Any CPU.ActiveCfg = Debug|Any CPU
		{0EDFCB28-5752-457C-8E02-AE8C0DB09DF0}.Debug|Any CPU.Build.0 = Debug|Any CPU
		{0EDFCB28-5752-457C-8E02-AE8C0DB09DF0}.Release|Any CPU.ActiveCfg = Release|Any CPU
		{0EDFCB28-5752-457C-8E02-AE8C0DB09DF0}.Release|Any CPU.Build.0 = Release|Any CPU
		{72776730-29E6-4CA4-BA7D-11AF5DD91323}.Debug|Any CPU.ActiveCfg = Debug|Any CPU
		{72776730-29E6-4CA4-BA7D-11AF5DD91323}.Debug|Any CPU.Build.0 = Debug|Any CPU
		{72776730-29E6-4CA4-BA7D-11AF5DD91323}.Release|Any CPU.ActiveCfg = Release|Any CPU
		{72776730-29E6-4CA4-BA7D-11AF5DD91323}.Release|Any CPU.Build.0 = Release|Any CPU
		{680A4EE4-4E5A-4EF8-B44E-0CA3B5608A3A}.Debug|Any CPU.ActiveCfg = Debug|Any CPU
		{680A4EE4-4E5A-4EF8-B44E-0CA3B5608A3A}.Debug|Any CPU.Build.0 = Debug|Any CPU
		{680A4EE4-4E5A-4EF8-B44E-0CA3B5608A3A}.Release|Any CPU.ActiveCfg = Release|Any CPU
		{680A4EE4-4E5A-4EF8-B44E-0CA3B5608A3A}.Release|Any CPU.Build.0 = Release|Any CPU
		{2EEB8FC3-E9D2-49E6-A3CA-875F341E0762}.Debug|Any CPU.ActiveCfg = Debug|Any CPU
		{2EEB8FC3-E9D2-49E6-A3CA-875F341E0762}.Debug|Any CPU.Build.0 = Debug|Any CPU
		{2EEB8FC3-E9D2-49E6-A3CA-875F341E0762}.Release|Any CPU.ActiveCfg = Release|Any CPU
		{2EEB8FC3-E9D2-49E6-A3CA-875F341E0762}.Release|Any CPU.Build.0 = Release|Any CPU
		{54F8726E-811D-4825-BCDD-B6CF220DC8B6}.Debug|Any CPU.ActiveCfg = Debug|Any CPU
		{54F8726E-811D-4825-BCDD-B6CF220DC8B6}.Debug|Any CPU.Build.0 = Debug|Any CPU
		{54F8726E-811D-4825-BCDD-B6CF220DC8B6}.Release|Any CPU.ActiveCfg = Release|Any CPU
		{54F8726E-811D-4825-BCDD-B6CF220DC8B6}.Release|Any CPU.Build.0 = Release|Any CPU
		{02D5252B-45A4-401E-83D7-B4A1DDF9B6EE}.Debug|Any CPU.ActiveCfg = Debug|Any CPU
		{02D5252B-45A4-401E-83D7-B4A1DDF9B6EE}.Debug|Any CPU.Build.0 = Debug|Any CPU
		{02D5252B-45A4-401E-83D7-B4A1DDF9B6EE}.Release|Any CPU.ActiveCfg = Release|Any CPU
		{02D5252B-45A4-401E-83D7-B4A1DDF9B6EE}.Release|Any CPU.Build.0 = Release|Any CPU
		{5BA37326-ECA9-4FD4-BA1C-ECB767D4C3D8}.Debug|Any CPU.ActiveCfg = Debug|Any CPU
		{5BA37326-ECA9-4FD4-BA1C-ECB767D4C3D8}.Debug|Any CPU.Build.0 = Debug|Any CPU
		{5BA37326-ECA9-4FD4-BA1C-ECB767D4C3D8}.Release|Any CPU.ActiveCfg = Release|Any CPU
		{5BA37326-ECA9-4FD4-BA1C-ECB767D4C3D8}.Release|Any CPU.Build.0 = Release|Any CPU
		{A55D06CA-3B8B-4021-9DFB-30EA595BA764}.Debug|Any CPU.ActiveCfg = Debug|Any CPU
		{A55D06CA-3B8B-4021-9DFB-30EA595BA764}.Debug|Any CPU.Build.0 = Debug|Any CPU
		{A55D06CA-3B8B-4021-9DFB-30EA595BA764}.Release|Any CPU.ActiveCfg = Release|Any CPU
		{A55D06CA-3B8B-4021-9DFB-30EA595BA764}.Release|Any CPU.Build.0 = Release|Any CPU
		{617FBE6B-E0D4-4F47-9C09-4F3FEA276623}.Debug|Any CPU.ActiveCfg = Debug|Any CPU
		{617FBE6B-E0D4-4F47-9C09-4F3FEA276623}.Debug|Any CPU.Build.0 = Debug|Any CPU
		{617FBE6B-E0D4-4F47-9C09-4F3FEA276623}.Release|Any CPU.ActiveCfg = Release|Any CPU
		{617FBE6B-E0D4-4F47-9C09-4F3FEA276623}.Release|Any CPU.Build.0 = Release|Any CPU
		{7AC21ABA-33AE-487C-974B-BB70C115B1DC}.Debug|Any CPU.ActiveCfg = Debug|Any CPU
		{7AC21ABA-33AE-487C-974B-BB70C115B1DC}.Debug|Any CPU.Build.0 = Debug|Any CPU
		{7AC21ABA-33AE-487C-974B-BB70C115B1DC}.Release|Any CPU.ActiveCfg = Release|Any CPU
		{7AC21ABA-33AE-487C-974B-BB70C115B1DC}.Release|Any CPU.Build.0 = Release|Any CPU
	EndGlobalSection
	GlobalSection(SolutionProperties) = preSolution
		HideSolutionNode = FALSE
	EndGlobalSection
	GlobalSection(NestedProjects) = preSolution
		{0EDFCB28-5752-457C-8E02-AE8C0DB09DF0} = {76C11A5A-7BEA-4860-8F94-80620D6CB047}
		{72776730-29E6-4CA4-BA7D-11AF5DD91323} = {F8AD1892-BB84-4A0A-B740-872F5A6625AD}
		{680A4EE4-4E5A-4EF8-B44E-0CA3B5608A3A} = {3F7A217C-DAFF-48AF-AA72-45CADDBB5102}
		{0CF2BCD1-13FD-4030-A64B-AA5E3A9171AE} = {BD124832-5797-439D-ACE8-20CC7472F9F4}
		{4F8938AC-66EF-4C08-BEB8-93C748816990} = {BD124832-5797-439D-ACE8-20CC7472F9F4}
		{2EEB8FC3-E9D2-49E6-A3CA-875F341E0762} = {4F8938AC-66EF-4C08-BEB8-93C748816990}
		{54F8726E-811D-4825-BCDD-B6CF220DC8B6} = {4F8938AC-66EF-4C08-BEB8-93C748816990}
		{02D5252B-45A4-401E-83D7-B4A1DDF9B6EE} = {0CF2BCD1-13FD-4030-A64B-AA5E3A9171AE}
		{5BA37326-ECA9-4FD4-BA1C-ECB767D4C3D8} = {0CF2BCD1-13FD-4030-A64B-AA5E3A9171AE}
		{A55D06CA-3B8B-4021-9DFB-30EA595BA764} = {76C11A5A-7BEA-4860-8F94-80620D6CB047}
		{617FBE6B-E0D4-4F47-9C09-4F3FEA276623} = {76C11A5A-7BEA-4860-8F94-80620D6CB047}
		{7AC21ABA-33AE-487C-974B-BB70C115B1DC} = {76C11A5A-7BEA-4860-8F94-80620D6CB047}
	EndGlobalSection
	GlobalSection(ExtensibilityGlobals) = postSolution
		SolutionGuid = {0C6D3F6F-2CDB-40D9-BE7A-38FB0225B43A}
	EndGlobalSection
EndGlobal
